<Solution>
  <Folder Name="/src/">
    <Project Path="src/Hexalith.Memories.AppHost/Hexalith.Memories.AppHost.csproj" />
    <Project Path="src/Hexalith.Memories.Cli/Hexalith.Memories.Cli.csproj" />
    <Project Path="src/Hexalith.Memories.Client.Rest/Hexalith.Memories.Client.Rest.csproj" />
    <Project Path="src/Hexalith.Memories.Contracts/Hexalith.Memories.Contracts.csproj" />
    <Project Path="src/Hexalith.Memories.EventStore/Hexalith.Memories.EventStore.csproj" />
    <Project Path="src/Hexalith.Memories.Redis/Hexalith.Memories.Redis.csproj" />
    <Project Path="src/Hexalith.Memories.Server/Hexalith.Memories.Server.csproj" />
    <Project Path="src/Hexalith.Memories.ServiceDefaults/Hexalith.Memories.ServiceDefaults.csproj" />
    <Project Path="src/Hexalith.Memories.Telemetry/Hexalith.Memories.Telemetry.csproj" />
  </Folder>
  <Folder Name="/tests/">
    <Project Path="tests/Hexalith.Memories.Cli.Tests/Hexalith.Memories.Cli.Tests.csproj" />
    <Project Path="tests/Hexalith.Memories.Contracts.Tests/Hexalith.Memories.Contracts.Tests.csproj" />
    <Project Path="tests/Hexalith.Memories.EventStore.Tests/Hexalith.Memories.EventStore.Tests.csproj" />
    <Project Path="tests/Hexalith.Memories.Server.Tests/Hexalith.Memories.Server.Tests.csproj" />
    <Project Path="tests/Hexalith.Memories.TestHelpers/Hexalith.Memories.TestHelpers.csproj" />
    <Project Path="tests/Hexalith.Memories.IntegrationTests/Hexalith.Memories.IntegrationTests.csproj" />
    <Project Path="tests/Hexalith.Memories.Benchmarks/Hexalith.Memories.Benchmarks.csproj" />
  </Folder>
</Solution>
